// !$*UTF8*$!
{
	archiveVersion = 1;
	classes = {
	};
	objectVersion = 50;
	objects = {

/* Begin PBXBuildFile section */
		318285323601F16FD0287460 /* Pods_StackOverflowClient.framework in Frameworks */ = {isa = PBXBuildFile; fileRef = DAA186DF002CB18AD89B775B /* Pods_StackOverflowClient.framework */; };
		633F9E68213D164900479748 /* CaseTableViewController.swift in Sources */ = {isa = PBXBuildFile; fileRef = 633F9E67213D164900479748 /* CaseTableViewController.swift */; };
		633F9E6A213D1AA800479748 /* CaseTableViewCell.swift in Sources */ = {isa = PBXBuildFile; fileRef = 633F9E69213D1AA800479748 /* CaseTableViewCell.swift */; };
		633F9E73213D501800479748 /* RequestPaths.swift in Sources */ = {isa = PBXBuildFile; fileRef = 633F9E72213D501800479748 /* RequestPaths.swift */; };
		633F9E75213D63BB00479748 /* RequestManager.swift in Sources */ = {isa = PBXBuildFile; fileRef = 633F9E74213D63BB00479748 /* RequestManager.swift */; };
		633F9E77213D696B00479748 /* Question.swift in Sources */ = {isa = PBXBuildFile; fileRef = 633F9E76213D696B00479748 /* Question.swift */; };
		634A26D4212FF53D008479DC /* AppDelegate.swift in Sources */ = {isa = PBXBuildFile; fileRef = 634A26D3212FF53D008479DC /* AppDelegate.swift */; };
		634A26D9212FF53D008479DC /* Main.storyboard in Resources */ = {isa = PBXBuildFile; fileRef = 634A26D7212FF53D008479DC /* Main.storyboard */; };
		634A26DB212FF53E008479DC /* Assets.xcassets in Resources */ = {isa = PBXBuildFile; fileRef = 634A26DA212FF53E008479DC /* Assets.xcassets */; };
		634A26DE212FF53E008479DC /* LaunchScreen.storyboard in Resources */ = {isa = PBXBuildFile; fileRef = 634A26DC212FF53E008479DC /* LaunchScreen.storyboard */; };
		63928B742142B35100A8028B /* Tags.swift in Sources */ = {isa = PBXBuildFile; fileRef = 63928B732142B35100A8028B /* Tags.swift */; };
		63EC0836213E9BC800F4AF43 /* ResponseStruct.swift in Sources */ = {isa = PBXBuildFile; fileRef = 63EC0835213E9BC800F4AF43 /* ResponseStruct.swift */; };
/* End PBXBuildFile section */

/* Begin PBXFileReference section */
		2A133381360129FFAC20275F /* Pods-StackOverflowClient.release.xcconfig */ = {isa = PBXFileReference; includeInIndex = 1; lastKnownFileType = text.xcconfig; name = "Pods-StackOverflowClient.release.xcconfig"; path = "Pods/Target Support Files/Pods-StackOverflowClient/Pods-StackOverflowClient.release.xcconfig"; sourceTree = "<group>"; };
		633F9E67213D164900479748 /* CaseTableViewController.swift */ = {isa = PBXFileReference; lastKnownFileType = sourcecode.swift; path = CaseTableViewController.swift; sourceTree = "<group>"; };
		633F9E69213D1AA800479748 /* CaseTableViewCell.swift */ = {isa = PBXFileReference; lastKnownFileType = sourcecode.swift; path = CaseTableViewCell.swift; sourceTree = "<group>"; };
		633F9E72213D501800479748 /* RequestPaths.swift */ = {isa = PBXFileReference; lastKnownFileType = sourcecode.swift; path = RequestPaths.swift; sourceTree = "<group>"; };
		633F9E74213D63BB00479748 /* RequestManager.swift */ = {isa = PBXFileReference; lastKnownFileType = sourcecode.swift; path = RequestManager.swift; sourceTree = "<group>"; };
		633F9E76213D696B00479748 /* Question.swift */ = {isa = PBXFileReference; lastKnownFileType = sourcecode.swift; path = Question.swift; sourceTree = "<group>"; };
		634A26D0212FF53D008479DC /* StackOverflowClient.app */ = {isa = PBXFileReference; explicitFileType = wrapper.application; includeInIndex = 0; path = StackOverflowClient.app; sourceTree = BUILT_PRODUCTS_DIR; };
		634A26D3212FF53D008479DC /* AppDelegate.swift */ = {isa = PBXFileReference; lastKnownFileType = sourcecode.swift; path = AppDelegate.swift; sourceTree = "<group>"; };
		634A26D8212FF53D008479DC /* Base */ = {isa = PBXFileReference; lastKnownFileType = file.storyboard; name = Base; path = Base.lproj/Main.storyboard; sourceTree = "<group>"; };
		634A26DA212FF53E008479DC /* Assets.xcassets */ = {isa = PBXFileReference; lastKnownFileType = folder.assetcatalog; path = Assets.xcassets; sourceTree = "<group>"; };
		634A26DD212FF53E008479DC /* Base */ = {isa = PBXFileReference; lastKnownFileType = file.storyboard; name = Base; path = Base.lproj/LaunchScreen.storyboard; sourceTree = "<group>"; };
		634A26DF212FF53E008479DC /* Info.plist */ = {isa = PBXFileReference; lastKnownFileType = text.plist.xml; path = Info.plist; sourceTree = "<group>"; };
		63928B732142B35100A8028B /* Tags.swift */ = {isa = PBXFileReference; lastKnownFileType = sourcecode.swift; path = Tags.swift; sourceTree = "<group>"; };
		63EC0835213E9BC800F4AF43 /* ResponseStruct.swift */ = {isa = PBXFileReference; lastKnownFileType = sourcecode.swift; path = ResponseStruct.swift; sourceTree = "<group>"; };
		A007346BD604BE2271F490A8 /* Pods-StackOverflowClient.debug.xcconfig */ = {isa = PBXFileReference; includeInIndex = 1; lastKnownFileType = text.xcconfig; name = "Pods-StackOverflowClient.debug.xcconfig"; path = "Pods/Target Support Files/Pods-StackOverflowClient/Pods-StackOverflowClient.debug.xcconfig"; sourceTree = "<group>"; };
		DAA186DF002CB18AD89B775B /* Pods_StackOverflowClient.framework */ = {isa = PBXFileReference; explicitFileType = wrapper.framework; includeInIndex = 0; path = Pods_StackOverflowClient.framework; sourceTree = BUILT_PRODUCTS_DIR; };
/* End PBXFileReference section */

/* Begin PBXFrameworksBuildPhase section */
		634A26CD212FF53D008479DC /* Frameworks */ = {
			isa = PBXFrameworksBuildPhase;
			buildActionMask = 2147483647;
			files = (
				318285323601F16FD0287460 /* Pods_StackOverflowClient.framework in Frameworks */,
			);
			runOnlyForDeploymentPostprocessing = 0;
		};
/* End PBXFrameworksBuildPhase section */

/* Begin PBXGroup section */
		633F9E6F213D1FED00479748 /* _common */ = {
			isa = PBXGroup;
			children = (
				633F9E70213D200900479748 /* Constants */,
				633F9E71213D202E00479748 /* Helpers */,
			);
			path = _common;
			sourceTree = "<group>";
		};
		633F9E70213D200900479748 /* Constants */ = {
			isa = PBXGroup;
			children = (
				633F9E72213D501800479748 /* RequestPaths.swift */,
				63928B732142B35100A8028B /* Tags.swift */,
			);
			path = Constants;
			sourceTree = "<group>";
		};
		633F9E71213D202E00479748 /* Helpers */ = {
			isa = PBXGroup;
			children = (
				633F9E74213D63BB00479748 /* RequestManager.swift */,
			);
			path = Helpers;
			sourceTree = "<group>";
		};
		634A26C7212FF53D008479DC = {
			isa = PBXGroup;
			children = (
				634A26D2212FF53D008479DC /* StackOverflowClient */,
				634A26D1212FF53D008479DC /* Products */,
				AFD8FD0B656062FF3AFFA331 /* Pods */,
				AA3BDE9C441231678654595C /* Frameworks */,
			);
			sourceTree = "<group>";
		};
		634A26D1212FF53D008479DC /* Products */ = {
			isa = PBXGroup;
			children = (
				634A26D0212FF53D008479DC /* StackOverflowClient.app */,
			);
			name = Products;
			sourceTree = "<group>";
		};
		634A26D2212FF53D008479DC /* StackOverflowClient */ = {
			isa = PBXGroup;
			children = (
				634A26E6212FFBD4008479DC /* Classes */,
				633F9E6F213D1FED00479748 /* _common */,
				634A26E921301141008479DC /* Resources */,
			);
			path = StackOverflowClient;
			sourceTree = "<group>";
		};
		634A26E5212FFADE008479DC /* Controller */ = {
			isa = PBXGroup;
			children = (
				634A26D3212FF53D008479DC /* AppDelegate.swift */,
				633F9E67213D164900479748 /* CaseTableViewController.swift */,
			);
			path = Controller;
			sourceTree = "<group>";
		};
		634A26E6212FFBD4008479DC /* Classes */ = {
			isa = PBXGroup;
			children = (
				634A26E7212FFCA0008479DC /* Model */,
				634A26E8212FFCAF008479DC /* View */,
				634A26E5212FFADE008479DC /* Controller */,
			);
			path = Classes;
			sourceTree = "<group>";
		};
		634A26E7212FFCA0008479DC /* Model */ = {
			isa = PBXGroup;
			children = (
				633F9E76213D696B00479748 /* Question.swift */,
				63EC0835213E9BC800F4AF43 /* ResponseStruct.swift */,
			);
			path = Model;
			sourceTree = "<group>";
		};
		634A26E8212FFCAF008479DC /* View */ = {
			isa = PBXGroup;
			children = (
				633F9E69213D1AA800479748 /* CaseTableViewCell.swift */,
			);
			path = View;
			sourceTree = "<group>";
		};
		634A26E921301141008479DC /* Resources */ = {
			isa = PBXGroup;
			children = (
				634A26EC213011E0008479DC /* Plists */,
				634A26EB213011B0008479DC /* Images */,
				634A26EA2130117D008479DC /* Interface */,
			);
			path = Resources;
			sourceTree = "<group>";
		};
		634A26EA2130117D008479DC /* Interface */ = {
			isa = PBXGroup;
			children = (
				634A26D7212FF53D008479DC /* Main.storyboard */,
				634A26DC212FF53E008479DC /* LaunchScreen.storyboard */,
			);
			path = Interface;
			sourceTree = "<group>";
		};
		634A26EB213011B0008479DC /* Images */ = {
			isa = PBXGroup;
			children = (
				634A26DA212FF53E008479DC /* Assets.xcassets */,
			);
			path = Images;
			sourceTree = "<group>";
		};
		634A26EC213011E0008479DC /* Plists */ = {
			isa = PBXGroup;
			children = (
				634A26DF212FF53E008479DC /* Info.plist */,
			);
			path = Plists;
			sourceTree = "<group>";
		};
		AA3BDE9C441231678654595C /* Frameworks */ = {
			isa = PBXGroup;
			children = (
				DAA186DF002CB18AD89B775B /* Pods_StackOverflowClient.framework */,
			);
			name = Frameworks;
			sourceTree = "<group>";
		};
		AFD8FD0B656062FF3AFFA331 /* Pods */ = {
			isa = PBXGroup;
			children = (
				A007346BD604BE2271F490A8 /* Pods-StackOverflowClient.debug.xcconfig */,
				2A133381360129FFAC20275F /* Pods-StackOverflowClient.release.xcconfig */,
			);
			name = Pods;
			sourceTree = "<group>";
		};
/* End PBXGroup section */

/* Begin PBXNativeTarget section */
		634A26CF212FF53D008479DC /* StackOverflowClient */ = {
			isa = PBXNativeTarget;
			buildConfigurationList = 634A26E2212FF53E008479DC /* Build configuration list for PBXNativeTarget "StackOverflowClient" */;
			buildPhases = (
				1FB0FE3920DF2295DC3860C7 /* [CP] Check Pods Manifest.lock */,
				634A26CC212FF53D008479DC /* Sources */,
				634A26CD212FF53D008479DC /* Frameworks */,
				634A26CE212FF53D008479DC /* Resources */,
				60450EB1C29A24C1A59A3CBE /* [CP] Embed Pods Frameworks */,
			);
			buildRules = (
			);
			dependencies = (
			);
			name = StackOverflowClient;
			productName = StackOverflowClient;
			productReference = 634A26D0212FF53D008479DC /* StackOverflowClient.app */;
			productType = "com.apple.product-type.application";
		};
/* End PBXNativeTarget section */

/* Begin PBXProject section */
		634A26C8212FF53D008479DC /* Project object */ = {
			isa = PBXProject;
			attributes = {
				LastSwiftUpdateCheck = 0940;
				LastUpgradeCheck = 0940;
				ORGANIZATIONNAME = aivanovskij;
				TargetAttributes = {
					634A26CF212FF53D008479DC = {
						CreatedOnToolsVersion = 9.4.1;
					};
				};
			};
			buildConfigurationList = 634A26CB212FF53D008479DC /* Build configuration list for PBXProject "StackOverflowClient" */;
			compatibilityVersion = "Xcode 9.3";
			developmentRegion = en;
			hasScannedForEncodings = 0;
			knownRegions = (
				en,
				Base,
			);
			mainGroup = 634A26C7212FF53D008479DC;
			productRefGroup = 634A26D1212FF53D008479DC /* Products */;
			projectDirPath = "";
			projectRoot = "";
			targets = (
				634A26CF212FF53D008479DC /* StackOverflowClient */,
			);
		};
/* End PBXProject section */

/* Begin PBXResourcesBuildPhase section */
		634A26CE212FF53D008479DC /* Resources */ = {
			isa = PBXResourcesBuildPhase;
			buildActionMask = 2147483647;
			files = (
				634A26DE212FF53E008479DC /* LaunchScreen.storyboard in Resources */,
				634A26DB212FF53E008479DC /* Assets.xcassets in Resources */,
				634A26D9212FF53D008479DC /* Main.storyboard in Resources */,
			);
			runOnlyForDeploymentPostprocessing = 0;
		};
/* End PBXResourcesBuildPhase section */

/* Begin PBXShellScriptBuildPhase section */
		1FB0FE3920DF2295DC3860C7 /* [CP] Check Pods Manifest.lock */ = {
			isa = PBXShellScriptBuildPhase;
			buildActionMask = 2147483647;
			files = (
			);
			inputPaths = (
				"${PODS_PODFILE_DIR_PATH}/Podfile.lock",
				"${PODS_ROOT}/Manifest.lock",
			);
			name = "[CP] Check Pods Manifest.lock";
			outputPaths = (
				"$(DERIVED_FILE_DIR)/Pods-StackOverflowClient-checkManifestLockResult.txt",
			);
			runOnlyForDeploymentPostprocessing = 0;
			shellPath = /bin/sh;
			shellScript = "diff \"${PODS_PODFILE_DIR_PATH}/Podfile.lock\" \"${PODS_ROOT}/Manifest.lock\" > /dev/null\nif [ $? != 0 ] ; then\n    # print error to STDERR\n    echo \"error: The sandbox is not in sync with the Podfile.lock. Run 'pod install' or update your CocoaPods installation.\" >&2\n    exit 1\nfi\n# This output is used by Xcode 'outputs' to avoid re-running this script phase.\necho \"SUCCESS\" > \"${SCRIPT_OUTPUT_FILE_0}\"\n";
			showEnvVarsInLog = 0;
		};
		60450EB1C29A24C1A59A3CBE /* [CP] Embed Pods Frameworks */ = {
			isa = PBXShellScriptBuildPhase;
			buildActionMask = 2147483647;
			files = (
			);
			inputPaths = (
				"${SRCROOT}/Pods/Target Support Files/Pods-StackOverflowClient/Pods-StackOverflowClient-frameworks.sh",
				"${BUILT_PRODUCTS_DIR}/Alamofire/Alamofire.framework",
			);
			name = "[CP] Embed Pods Frameworks";
			outputPaths = (
				"${TARGET_BUILD_DIR}/${FRAMEWORKS_FOLDER_PATH}/Alamofire.framework",
			);
			runOnlyForDeploymentPostprocessing = 0;
			shellPath = /bin/sh;
			shellScript = "\"${SRCROOT}/Pods/Target Support Files/Pods-StackOverflowClient/Pods-StackOverflowClient-frameworks.sh\"\n";
			showEnvVarsInLog = 0;
		};
/* End PBXShellScriptBuildPhase section */

/* Begin PBXSourcesBuildPhase section */
		634A26CC212FF53D008479DC /* Sources */ = {
			isa = PBXSourcesBuildPhase;
			buildActionMask = 2147483647;
			files = (
				633F9E75213D63BB00479748 /* RequestManager.swift in Sources */,
				633F9E77213D696B00479748 /* Question.swift in Sources */,
				633F9E6A213D1AA800479748 /* CaseTableViewCell.swift in Sources */,
				634A26D4212FF53D008479DC /* AppDelegate.swift in Sources */,
				63928B742142B35100A8028B /* Tags.swift in Sources */,
				633F9E73213D501800479748 /* RequestPaths.swift in Sources */,
				633F9E68213D164900479748 /* CaseTableViewController.swift in Sources */,
				63EC0836213E9BC800F4AF43 /* ResponseStruct.swift in Sources */,
			);
			runOnlyForDeploymentPostprocessing = 0;
		};
/* End PBXSourcesBuildPhase section */

/* Begin PBXVariantGroup section */
		634A26D7212FF53D008479DC /* Main.storyboard */ = {
			isa = PBXVariantGroup;
			children = (
				634A26D8212FF53D008479DC /* Base */,
			);
			name = Main.storyboard;
			sourceTree = "<group>";
		};
		634A26DC212FF53E008479DC /* LaunchScreen.storyboard */ = {
			isa = PBXVariantGroup;
			children = (
				634A26DD212FF53E008479DC /* Base */,
			);
			name = LaunchScreen.storyboard;
			sourceTree = "<group>";
		};
/* End PBXVariantGroup section */

/* Begin XCBuildConfiguration section */
		634A26E0212FF53E008479DC /* Debug */ = {
			isa = XCBuildConfiguration;
			buildSettings = {
				ALWAYS_SEARCH_USER_PATHS = NO;
				CLANG_ANALYZER_NONNULL = YES;
				CLANG_ANALYZER_NUMBER_OBJECT_CONVERSION = YES_AGGRESSIVE;
				CLANG_CXX_LANGUAGE_STANDARD = "gnu++14";
				CLANG_CXX_LIBRARY = "libc++";
				CLANG_ENABLE_MODULES = YES;
				CLANG_ENABLE_OBJC_ARC = YES;
				CLANG_ENABLE_OBJC_WEAK = YES;
				CLANG_WARN_BLOCK_CAPTURE_AUTORELEASING = YES;
				CLANG_WARN_BOOL_CONVERSION = YES;
				CLANG_WARN_COMMA = YES;
				CLANG_WARN_CONSTANT_CONVERSION = YES;
				CLANG_WARN_DEPRECATED_OBJC_IMPLEMENTATIONS = YES;
				CLANG_WARN_DIRECT_OBJC_ISA_USAGE = YES_ERROR;
				CLANG_WARN_DOCUMENTATION_COMMENTS = YES;
				CLANG_WARN_EMPTY_BODY = YES;
				CLANG_WARN_ENUM_CONVERSION = YES;
				CLANG_WARN_INFINITE_RECURSION = YES;
				CLANG_WARN_INT_CONVERSION = YES;
				CLANG_WARN_NON_LITERAL_NULL_CONVERSION = YES;
				CLANG_WARN_OBJC_IMPLICIT_RETAIN_SELF = YES;
				CLANG_WARN_OBJC_LITERAL_CONVERSION = YES;
				CLANG_WARN_OBJC_ROOT_CLASS = YES_ERROR;
				CLANG_WARN_RANGE_LOOP_ANALYSIS = YES;
				CLANG_WARN_STRICT_PROTOTYPES = YES;
				CLANG_WARN_SUSPICIOUS_MOVE = YES;
				CLANG_WARN_UNGUARDED_AVAILABILITY = YES_AGGRESSIVE;
				CLANG_WARN_UNREACHABLE_CODE = YES;
				CLANG_WARN__DUPLICATE_METHOD_MATCH = YES;
				CODE_SIGN_IDENTITY = "iPhone Developer";
				COPY_PHASE_STRIP = NO;
				DEBUG_INFORMATION_FORMAT = dwarf;
				ENABLE_STRICT_OBJC_MSGSEND = YES;
				ENABLE_TESTABILITY = YES;
				GCC_C_LANGUAGE_STANDARD = gnu11;
				GCC_DYNAMIC_NO_PIC = NO;
				GCC_NO_COMMON_BLOCKS = YES;
				GCC_OPTIMIZATION_LEVEL = 0;
				GCC_PREPROCESSOR_DEFINITIONS = (
					"DEBUG=1",
					"$(inherited)",
				);
				GCC_WARN_64_TO_32_BIT_CONVERSION = YES;
				GCC_WARN_ABOUT_RETURN_TYPE = YES_ERROR;
				GCC_WARN_UNDECLARED_SELECTOR = YES;
				GCC_WARN_UNINITIALIZED_AUTOS = YES_AGGRESSIVE;
				GCC_WARN_UNUSED_FUNCTION = YES;
				GCC_WARN_UNUSED_VARIABLE = YES;
				IPHONEOS_DEPLOYMENT_TARGET = 11.4;
				MTL_ENABLE_DEBUG_INFO = YES;
				ONLY_ACTIVE_ARCH = YES;
				SDKROOT = iphoneos;
				SWIFT_ACTIVE_COMPILATION_CONDITIONS = DEBUG;
				SWIFT_OPTIMIZATION_LEVEL = "-Onone";
			};
			name = Debug;
		};
		634A26E1212FF53E008479DC /* Release */ = {
			isa = XCBuildConfiguration;
			buildSettings = {
				ALWAYS_SEARCH_USER_PATHS = NO;
				CLANG_ANALYZER_NONNULL = YES;
				CLANG_ANALYZER_NUMBER_OBJECT_CONVERSION = YES_AGGRESSIVE;
				CLANG_CXX_LANGUAGE_STANDARD = "gnu++14";
				CLANG_CXX_LIBRARY = "libc++";
				CLANG_ENABLE_MODULES = YES;
				CLANG_ENABLE_OBJC_ARC = YES;
				CLANG_ENABLE_OBJC_WEAK = YES;
				CLANG_WARN_BLOCK_CAPTURE_AUTORELEASING = YES;
				CLANG_WARN_BOOL_CONVERSION = YES;
				CLANG_WARN_COMMA = YES;
				CLANG_WARN_CONSTANT_CONVERSION = YES;
				CLANG_WARN_DEPRECATED_OBJC_IMPLEMENTATIONS = YES;
				CLANG_WARN_DIRECT_OBJC_ISA_USAGE = YES_ERROR;
				CLANG_WARN_DOCUMENTATION_COMMENTS = YES;
				CLANG_WARN_EMPTY_BODY = YES;
				CLANG_WARN_ENUM_CONVERSION = YES;
				CLANG_WARN_INFINITE_RECURSION = YES;
				CLANG_WARN_INT_CONVERSION = YES;
				CLANG_WARN_NON_LITERAL_NULL_CONVERSION = YES;
				CLANG_WARN_OBJC_IMPLICIT_RETAIN_SELF = YES;
				CLANG_WARN_OBJC_LITERAL_CONVERSION = YES;
				CLANG_WARN_OBJC_ROOT_CLASS = YES_ERROR;
				CLANG_WARN_RANGE_LOOP_ANALYSIS = YES;
				CLANG_WARN_STRICT_PROTOTYPES = YES;
				CLANG_WARN_SUSPICIOUS_MOVE = YES;
				CLANG_WARN_UNGUARDED_AVAILABILITY = YES_AGGRESSIVE;
				CLANG_WARN_UNREACHABLE_CODE = YES;
				CLANG_WARN__DUPLICATE_METHOD_MATCH = YES;
				CODE_SIGN_IDENTITY = "iPhone Developer";
				COPY_PHASE_STRIP = NO;
				DEBUG_INFORMATION_FORMAT = "dwarf-with-dsym";
				ENABLE_NS_ASSERTIONS = NO;
				ENABLE_STRICT_OBJC_MSGSEND = YES;
				GCC_C_LANGUAGE_STANDARD = gnu11;
				GCC_NO_COMMON_BLOCKS = YES;
				GCC_WARN_64_TO_32_BIT_CONVERSION = YES;
				GCC_WARN_ABOUT_RETURN_TYPE = YES_ERROR;
				GCC_WARN_UNDECLARED_SELECTOR = YES;
				GCC_WARN_UNINITIALIZED_AUTOS = YES_AGGRESSIVE;
				GCC_WARN_UNUSED_FUNCTION = YES;
				GCC_WARN_UNUSED_VARIABLE = YES;
				IPHONEOS_DEPLOYMENT_TARGET = 11.4;
				MTL_ENABLE_DEBUG_INFO = NO;
				SDKROOT = iphoneos;
				SWIFT_COMPILATION_MODE = wholemodule;
				SWIFT_OPTIMIZATION_LEVEL = "-O";
				VALIDATE_PRODUCT = YES;
			};
			name = Release;
		};
		634A26E3212FF53E008479DC /* Debug */ = {
			isa = XCBuildConfiguration;
			baseConfigurationReference = A007346BD604BE2271F490A8 /* Pods-StackOverflowClient.debug.xcconfig */;
			buildSettings = {
				ASSETCATALOG_COMPILER_APPICON_NAME = AppIcon;
				CODE_SIGN_STYLE = Automatic;
				DEVELOPMENT_TEAM = TPNPUBH8ML;
				INFOPLIST_FILE = "$(SRCROOT)/StackOverflowClient/Resources/Plists/Info.plist";
				LD_RUNPATH_SEARCH_PATHS = (
					"$(inherited)",
					"@executable_path/Frameworks",
				);
				PRODUCT_BUNDLE_IDENTIFIER = HTC.StackOverflowClient;
				PRODUCT_NAME = "$(TARGET_NAME)";
				SWIFT_VERSION = 4.0;
				TARGETED_DEVICE_FAMILY = 1;
			};
			name = Debug;
		};
		634A26E4212FF53E008479DC /* Release */ = {
			isa = XCBuildConfiguration;
			baseConfigurationReference = 2A133381360129FFAC20275F /* Pods-StackOverflowClient.release.xcconfig */;
			buildSettings = {
				ASSETCATALOG_COMPILER_APPICON_NAME = AppIcon;
				CODE_SIGN_STYLE = Automatic;
				DEVELOPMENT_TEAM = TPNPUBH8ML;
				INFOPLIST_FILE = "$(SRCROOT)/StackOverflowClient/Resources/Plists/Info.plist";
				LD_RUNPATH_SEARCH_PATHS = (
					"$(inherited)",
					"@executable_path/Frameworks",
				);
				PRODUCT_BUNDLE_IDENTIFIER = HTC.StackOverflowClient;
				PRODUCT_NAME = "$(TARGET_NAME)";
				SWIFT_VERSION = 4.0;
				TARGETED_DEVICE_FAMILY = 1;
			};
			name = Release;
		};
/* End XCBuildConfiguration section */

/* Begin XCConfigurationList section */
		634A26CB212FF53D008479DC /* Build configuration list for PBXProject "StackOverflowClient" */ = {
			isa = XCConfigurationList;
			buildConfigurations = (
				634A26E0212FF53E008479DC /* Debug */,
				634A26E1212FF53E008479DC /* Release */,
			);
			defaultConfigurationIsVisible = 0;
			defaultConfigurationName = Release;
		};
		634A26E2212FF53E008479DC /* Build configuration list for PBXNativeTarget "StackOverflowClient" */ = {
			isa = XCConfigurationList;
			buildConfigurations = (
				634A26E3212FF53E008479DC /* Debug */,
				634A26E4212FF53E008479DC /* Release */,
			);
			defaultConfigurationIsVisible = 0;
			defaultConfigurationName = Release;
		};
/* End XCConfigurationList section */
	};
	rootObject = 634A26C8212FF53D008479DC /* Project object */;
}
