PODS:
  - Alamofire (4.7.3)
  - Cache (5.1.0)

DEPENDENCIES:
  - Alamofire
  - Cache

SPEC REPOS:
  https://github.com/cocoapods/specs.git:
    - Alamofire
    - Cache

SPEC CHECKSUMS:
  Alamofire: c7287b6e5d7da964a70935e5db17046b7fde6568
  Cache: 7737c595aae7d94c7c0feca2c887288624e3b07e

PODFILE CHECKSUM: 8336c2881e29e096fe715f51cbe709e10ab96e68

COCOAPODS: 1.5.3
